
Microsoft Visual Studio Solution File, Format Version 12.00
# Visual Studio Version 17
VisualStudioVersion = 17.14.36930.0
MinimumVisualStudioVersion = 10.0.40219.1
Project("{2150E333-8FDC-42A3-9474-1A3956D46DE8}") = "services", "services", "{5854FF58-B8C5-05C6-5BF2-ACE42193F22B}"
EndProject
Project("{FAE04EC0-301F-11D3-BF4B-00C04F79EFBC}") = "OrderService", "services\OrderService\OrderService.csproj", "{EBA6AD28-2688-4D7B-AB55-36D64A71DC93}"
EndProject
Project("{FAE04EC0-301F-11D3-BF4B-00C04F79EFBC}") = "ProductService", "services\ProductService\ProductService.csproj", "{C29442B7-7E62-46B5-906E-D26FF560ED85}"
EndProject
Project("{FAE04EC0-301F-11D3-BF4B-00C04F79EFBC}") = "CustomerService", "services\CustomerService\CustomerService.csproj", "{C94EE157-4953-4EC4-B44E-A11E68CD2237}"
EndProject
Project("{FAE04EC0-301F-11D3-BF4B-00C04F79EFBC}") = "NotificationService", "services\NotificationService\NotificationService.csproj", "{69598A89-212E-4569-8A37-DCD0BC0C4612}"
EndProject
Project("{FAE04EC0-301F-11D3-BF4B-00C04F79EFBC}") = "InventoryService", "services\InventoryService\InventoryService.csproj", "{E883AA61-C838-4A00-B56D-A0B4C7FE0C41}"
EndProject
Project("{FAE04EC0-301F-11D3-BF4B-00C04F79EFBC}") = "PricingService", "services\PricingService\PricingService.csproj", "{9D65FDEF-4411-4406-906C-50916F1768A5}"
EndProject
Project("{2150E333-8FDC-42A3-9474-1A3956D46DE8}") = "Solution Items", "Solution Items", "{2ECAF073-030D-4922-A666-762DD7DDE8BF}"
	ProjectSection(SolutionItems) = preProject
		.dockerignore = .dockerignore
		.env = .env
		docker-compose.yml = docker-compose.yml
	EndProjectSection
EndProject
Project("{FAE04EC0-301F-11D3-BF4B-00C04F79EFBC}") = "ApiGateway", "ApiGateway\ApiGateway.csproj", "{ABE66B30-BD47-A7B2-B17B-5BA67959B026}"
EndProject
Project("{2150E333-8FDC-42A3-9474-1A3956D46DE8}") = "monitoring", "monitoring", "{02EA681E-C7D8-13C7-8484-4AC65E1B71E8}"
	ProjectSection(SolutionItems) = preProject
		monitoring\prometheus.yml = monitoring\prometheus.yml
	EndProjectSection
EndProject
Project("{2150E333-8FDC-42A3-9474-1A3956D46DE8}") = "grafana", "grafana", "{8F458C32-FE93-4959-80D5-99714872C27F}"
EndProject
Project("{2150E333-8FDC-42A3-9474-1A3956D46DE8}") = "dashboards", "dashboards", "{2CDCC03D-EAC3-4494-96F1-52B93DE3FC83}"
	ProjectSection(SolutionItems) = preProject
		monitoring\grafana\dashboards\ecommerce-dashboard.json = monitoring\grafana\dashboards\ecommerce-dashboard.json
	EndProjectSection
EndProject
Project("{2150E333-8FDC-42A3-9474-1A3956D46DE8}") = "provisioning", "provisioning", "{E1A3C524-5977-472C-89DF-70A2DC2EA9CC}"
	ProjectSection(SolutionItems) = preProject
		monitoring\grafana\provisioning\dashboards.yml = monitoring\grafana\provisioning\dashboards.yml
		monitoring\grafana\provisioning\datasource.yml = monitoring\grafana\provisioning\datasource.yml
	EndProjectSection
EndProject
Global
	GlobalSection(SolutionConfigurationPlatforms) = preSolution
		Debug|Any CPU = Debug|Any CPU
		Debug|x64 = Debug|x64
		Debug|x86 = Debug|x86
		Release|Any CPU = Release|Any CPU
		Release|x64 = Release|x64
		Release|x86 = Release|x86
	EndGlobalSection
	GlobalSection(ProjectConfigurationPlatforms) = postSolution
		{EBA6AD28-2688-4D7B-AB55-36D64A71DC93}.Debug|Any CPU.ActiveCfg = Debug|Any CPU
		{EBA6AD28-2688-4D7B-AB55-36D64A71DC93}.Debug|Any CPU.Build.0 = Debug|Any CPU
		{EBA6AD28-2688-4D7B-AB55-36D64A71DC93}.Debug|x64.ActiveCfg = Debug|Any CPU
		{EBA6AD28-2688-4D7B-AB55-36D64A71DC93}.Debug|x64.Build.0 = Debug|Any CPU
		{EBA6AD28-2688-4D7B-AB55-36D64A71DC93}.Debug|x86.ActiveCfg = Debug|Any CPU
		{EBA6AD28-2688-4D7B-AB55-36D64A71DC93}.Debug|x86.Build.0 = Debug|Any CPU
		{EBA6AD28-2688-4D7B-AB55-36D64A71DC93}.Release|Any CPU.ActiveCfg = Release|Any CPU
		{EBA6AD28-2688-4D7B-AB55-36D64A71DC93}.Release|Any CPU.Build.0 = Release|Any CPU
		{EBA6AD28-2688-4D7B-AB55-36D64A71DC93}.Release|x64.ActiveCfg = Release|Any CPU
		{EBA6AD28-2688-4D7B-AB55-36D64A71DC93}.Release|x64.Build.0 = Release|Any CPU
		{EBA6AD28-2688-4D7B-AB55-36D64A71DC93}.Release|x86.ActiveCfg = Release|Any CPU
		{EBA6AD28-2688-4D7B-AB55-36D64A71DC93}.Release|x86.Build.0 = Release|Any CPU
		{C29442B7-7E62-46B5-906E-D26FF560ED85}.Debug|Any CPU.ActiveCfg = Debug|Any CPU
		{C29442B7-7E62-46B5-906E-D26FF560ED85}.Debug|Any CPU.Build.0 = Debug|Any CPU
		{C29442B7-7E62-46B5-906E-D26FF560ED85}.Debug|x64.ActiveCfg = Debug|Any CPU
		{C29442B7-7E62-46B5-906E-D26FF560ED85}.Debug|x64.Build.0 = Debug|Any CPU
		{C29442B7-7E62-46B5-906E-D26FF560ED85}.Debug|x86.ActiveCfg = Debug|Any CPU
		{C29442B7-7E62-46B5-906E-D26FF560ED85}.Debug|x86.Build.0 = Debug|Any CPU
		{C29442B7-7E62-46B5-906E-D26FF560ED85}.Release|Any CPU.ActiveCfg = Release|Any CPU
		{C29442B7-7E62-46B5-906E-D26FF560ED85}.Release|Any CPU.Build.0 = Release|Any CPU
		{C29442B7-7E62-46B5-906E-D26FF560ED85}.Release|x64.ActiveCfg = Release|Any CPU
		{C29442B7-7E62-46B5-906E-D26FF560ED85}.Release|x64.Build.0 = Release|Any CPU
		{C29442B7-7E62-46B5-906E-D26FF560ED85}.Release|x86.ActiveCfg = Release|Any CPU
		{C29442B7-7E62-46B5-906E-D26FF560ED85}.Release|x86.Build.0 = Release|Any CPU
		{C94EE157-4953-4EC4-B44E-A11E68CD2237}.Debug|Any CPU.ActiveCfg = Debug|Any CPU
		{C94EE157-4953-4EC4-B44E-A11E68CD2237}.Debug|Any CPU.Build.0 = Debug|Any CPU
		{C94EE157-4953-4EC4-B44E-A11E68CD2237}.Debug|x64.ActiveCfg = Debug|Any CPU
		{C94EE157-4953-4EC4-B44E-A11E68CD2237}.Debug|x64.Build.0 = Debug|Any CPU
		{C94EE157-4953-4EC4-B44E-A11E68CD2237}.Debug|x86.ActiveCfg = Debug|Any CPU
		{C94EE157-4953-4EC4-B44E-A11E68CD2237}.Debug|x86.Build.0 = Debug|Any CPU
		{C94EE157-4953-4EC4-B44E-A11E68CD2237}.Release|Any CPU.ActiveCfg = Release|Any CPU
		{C94EE157-4953-4EC4-B44E-A11E68CD2237}.Release|Any CPU.Build.0 = Release|Any CPU
		{C94EE157-4953-4EC4-B44E-A11E68CD2237}.Release|x64.ActiveCfg = Release|Any CPU
		{C94EE157-4953-4EC4-B44E-A11E68CD2237}.Release|x64.Build.0 = Release|Any CPU
		{C94EE157-4953-4EC4-B44E-A11E68CD2237}.Release|x86.ActiveCfg = Release|Any CPU
		{C94EE157-4953-4EC4-B44E-A11E68CD2237}.Release|x86.Build.0 = Release|Any CPU
		{69598A89-212E-4569-8A37-DCD0BC0C4612}.Debug|Any CPU.ActiveCfg = Debug|Any CPU
		{69598A89-212E-4569-8A37-DCD0BC0C4612}.Debug|Any CPU.Build.0 = Debug|Any CPU
		{69598A89-212E-4569-8A37-DCD0BC0C4612}.Debug|x64.ActiveCfg = Debug|Any CPU
		{69598A89-212E-4569-8A37-DCD0BC0C4612}.Debug|x64.Build.0 = Debug|Any CPU
		{69598A89-212E-4569-8A37-DCD0BC0C4612}.Debug|x86.ActiveCfg = Debug|Any CPU
		{69598A89-212E-4569-8A37-DCD0BC0C4612}.Debug|x86.Build.0 = Debug|Any CPU
		{69598A89-212E-4569-8A37-DCD0BC0C4612}.Release|Any CPU.ActiveCfg = Release|Any CPU
		{69598A89-212E-4569-8A37-DCD0BC0C4612}.Release|Any CPU.Build.0 = Release|Any CPU
		{69598A89-212E-4569-8A37-DCD0BC0C4612}.Release|x64.ActiveCfg = Release|Any CPU
		{69598A89-212E-4569-8A37-DCD0BC0C4612}.Release|x64.Build.0 = Release|Any CPU
		{69598A89-212E-4569-8A37-DCD0BC0C4612}.Release|x86.ActiveCfg = Release|Any CPU
		{69598A89-212E-4569-8A37-DCD0BC0C4612}.Release|x86.Build.0 = Release|Any CPU
		{E883AA61-C838-4A00-B56D-A0B4C7FE0C41}.Debug|Any CPU.ActiveCfg = Debug|Any CPU
		{E883AA61-C838-4A00-B56D-A0B4C7FE0C41}.Debug|Any CPU.Build.0 = Debug|Any CPU
		{E883AA61-C838-4A00-B56D-A0B4C7FE0C41}.Debug|x64.ActiveCfg = Debug|Any CPU
		{E883AA61-C838-4A00-B56D-A0B4C7FE0C41}.Debug|x64.Build.0 = Debug|Any CPU
		{E883AA61-C838-4A00-B56D-A0B4C7FE0C41}.Debug|x86.ActiveCfg = Debug|Any CPU
		{E883AA61-C838-4A00-B56D-A0B4C7FE0C41}.Debug|x86.Build.0 = Debug|Any CPU
		{E883AA61-C838-4A00-B56D-A0B4C7FE0C41}.Release|Any CPU.ActiveCfg = Release|Any CPU
		{E883AA61-C838-4A00-B56D-A0B4C7FE0C41}.Release|Any CPU.Build.0 = Release|Any CPU
		{E883AA61-C838-4A00-B56D-A0B4C7FE0C41}.Release|x64.ActiveCfg = Release|Any CPU
		{E883AA61-C838-4A00-B56D-A0B4C7FE0C41}.Release|x64.Build.0 = Release|Any CPU
		{E883AA61-C838-4A00-B56D-A0B4C7FE0C41}.Release|x86.ActiveCfg = Release|Any CPU
		{E883AA61-C838-4A00-B56D-A0B4C7FE0C41}.Release|x86.Build.0 = Release|Any CPU
		{9D65FDEF-4411-4406-906C-50916F1768A5}.Debug|Any CPU.ActiveCfg = Debug|Any CPU
		{9D65FDEF-4411-4406-906C-50916F1768A5}.Debug|Any CPU.Build.0 = Debug|Any CPU
		{9D65FDEF-4411-4406-906C-50916F1768A5}.Debug|x64.ActiveCfg = Debug|Any CPU
		{9D65FDEF-4411-4406-906C-50916F1768A5}.Debug|x64.Build.0 = Debug|Any CPU
		{9D65FDEF-4411-4406-906C-50916F1768A5}.Debug|x86.ActiveCfg = Debug|Any CPU
		{9D65FDEF-4411-4406-906C-50916F1768A5}.Debug|x86.Build.0 = Debug|Any CPU
		{9D65FDEF-4411-4406-906C-50916F1768A5}.Release|Any CPU.ActiveCfg = Release|Any CPU
		{9D65FDEF-4411-4406-906C-50916F1768A5}.Release|Any CPU.Build.0 = Release|Any CPU
		{9D65FDEF-4411-4406-906C-50916F1768A5}.Release|x64.ActiveCfg = Release|Any CPU
		{9D65FDEF-4411-4406-906C-50916F1768A5}.Release|x64.Build.0 = Release|Any CPU
		{9D65FDEF-4411-4406-906C-50916F1768A5}.Release|x86.ActiveCfg = Release|Any CPU
		{9D65FDEF-4411-4406-906C-50916F1768A5}.Release|x86.Build.0 = Release|Any CPU
		{ABE66B30-BD47-A7B2-B17B-5BA67959B026}.Debug|Any CPU.ActiveCfg = Debug|Any CPU
		{ABE66B30-BD47-A7B2-B17B-5BA67959B026}.Debug|Any CPU.Build.0 = Debug|Any CPU
		{ABE66B30-BD47-A7B2-B17B-5BA67959B026}.Debug|x64.ActiveCfg = Debug|Any CPU
		{ABE66B30-BD47-A7B2-B17B-5BA67959B026}.Debug|x64.Build.0 = Debug|Any CPU
		{ABE66B30-BD47-A7B2-B17B-5BA67959B026}.Debug|x86.ActiveCfg = Debug|Any CPU
		{ABE66B30-BD47-A7B2-B17B-5BA67959B026}.Debug|x86.Build.0 = Debug|Any CPU
		{ABE66B30-BD47-A7B2-B17B-5BA67959B026}.Release|Any CPU.ActiveCfg = Release|Any CPU
		{ABE66B30-BD47-A7B2-B17B-5BA67959B026}.Release|Any CPU.Build.0 = Release|Any CPU
		{ABE66B30-BD47-A7B2-B17B-5BA67959B026}.Release|x64.ActiveCfg = Release|Any CPU
		{ABE66B30-BD47-A7B2-B17B-5BA67959B026}.Release|x64.Build.0 = Release|Any CPU
		{ABE66B30-BD47-A7B2-B17B-5BA67959B026}.Release|x86.ActiveCfg = Release|Any CPU
		{ABE66B30-BD47-A7B2-B17B-5BA67959B026}.Release|x86.Build.0 = Release|Any CPU
	EndGlobalSection
	GlobalSection(SolutionProperties) = preSolution
		HideSolutionNode = FALSE
	EndGlobalSection
	GlobalSection(NestedProjects) = preSolution
		{EBA6AD28-2688-4D7B-AB55-36D64A71DC93} = {5854FF58-B8C5-05C6-5BF2-ACE42193F22B}
		{C29442B7-7E62-46B5-906E-D26FF560ED85} = {5854FF58-B8C5-05C6-5BF2-ACE42193F22B}
		{C94EE157-4953-4EC4-B44E-A11E68CD2237} = {5854FF58-B8C5-05C6-5BF2-ACE42193F22B}
		{69598A89-212E-4569-8A37-DCD0BC0C4612} = {5854FF58-B8C5-05C6-5BF2-ACE42193F22B}
		{E883AA61-C838-4A00-B56D-A0B4C7FE0C41} = {5854FF58-B8C5-05C6-5BF2-ACE42193F22B}
		{9D65FDEF-4411-4406-906C-50916F1768A5} = {5854FF58-B8C5-05C6-5BF2-ACE42193F22B}
		{8F458C32-FE93-4959-80D5-99714872C27F} = {02EA681E-C7D8-13C7-8484-4AC65E1B71E8}
		{2CDCC03D-EAC3-4494-96F1-52B93DE3FC83} = {8F458C32-FE93-4959-80D5-99714872C27F}
		{E1A3C524-5977-472C-89DF-70A2DC2EA9CC} = {8F458C32-FE93-4959-80D5-99714872C27F}
	EndGlobalSection
	GlobalSection(ExtensibilityGlobals) = postSolution
		SolutionGuid = {E7503CDC-925E-4DDB-9AF5-026E6D23A415}
	EndGlobalSection
EndGlobal
